  
{
  "name": "js-image-recognition-software",
  "version": "1.0.0",
  "description": "An AI powered image recodnition software. Recognises B&W images that are 10x10. Able to learn (soon)",
  "homepage": "https://github.com/lvoz2/JS-Image-Recognition-Software#readme",
  "bugs": "https://github.com/lvoz2/JS-Image-Recognition-Software/issues",
  "license": "GPL-3.0-or-later",
  "private": true
}
